
Microsoft Visual Studio Solution File, Format Version 12.00
# Visual Studio 14
VisualStudioVersion = 14.0.25420.1
MinimumVisualStudioVersion = 10.0.40219.1
Project("{FAE04EC0-301F-11D3-BF4B-00C04F79EFBC}") = "PGA-Tour-Civil-App", "PGA-Tour-Civil-App\PGA-Tour-Civil-App.csproj", "{998DB097-6E8A-4611-89B4-9BC9C785EF06}"
	ProjectSection(ProjectDependencies) = postProject
		{460CB416-013F-4AA8-882F-BD0EE70D30AA} = {460CB416-013F-4AA8-882F-BD0EE70D30AA}
		{B62108A8-4FE0-4F3A-BA8F-861CB2BBDDBF} = {B62108A8-4FE0-4F3A-BA8F-861CB2BBDDBF}
	EndProjectSection
EndProject
Project("{FAE04EC0-301F-11D3-BF4B-00C04F79EFBC}") = "PGA.Common", "PGA.Common\PGA.Common.csproj", "{AA0E2E50-A4F4-48B9-A6E9-AF5F1F97ED48}"
EndProject
Project("{FAE04EC0-301F-11D3-BF4B-00C04F79EFBC}") = "PGA.Autodesk.Utils", "PGA.Common.Utils\PGA.Autodesk.Utils.csproj", "{6C504A32-14E2-4667-BED8-CC542ED57701}"
EndProject
Project("{FAE04EC0-301F-11D3-BF4B-00C04F79EFBC}") = "PGA.Common.Registry", "PGA.Common.Registry\PGA.Common.Registry.csproj", "{460CB416-013F-4AA8-882F-BD0EE70D30AA}"
EndProject
Project("{FAE04EC0-301F-11D3-BF4B-00C04F79EFBC}") = "PGA.Common.Settings", "PGA.Common.Settings\PGA.Common.Settings.csproj", "{B62108A8-4FE0-4F3A-BA8F-861CB2BBDDBF}"
EndProject
Project("{FAE04EC0-301F-11D3-BF4B-00C04F79EFBC}") = "PGA.Autodesk.Registry", "PGA.Autodesk.Registry\PGA.Autodesk.Registry.csproj", "{D57D50BC-FA99-46B0-B278-CBE5D2E7148E}"
EndProject
Project("{2150E333-8FDC-42A3-9474-1A3956D46DE8}") = "Solution Items", "Solution Items", "{DA2A43E2-EFE0-4478-BCD9-3F50F2B60942}"
	ProjectSection(SolutionItems) = preProject
		Local.testsettings = Local.testsettings
		PGA-Tour-Civil-App.vsmdi = PGA-Tour-Civil-App.vsmdi
		TraceAndTestImpact.testsettings = TraceAndTestImpact.testsettings
	EndProjectSection
EndProject
Project("{FAE04EC0-301F-11D3-BF4B-00C04F79EFBC}") = "PGA.MessengerManager", "..\..\PGA.MessengerManager\PGA.MessengerManager.csproj", "{55A6727A-77A2-43BD-BD1D-51B27DB7AB79}"
EndProject
Project("{FAE04EC0-301F-11D3-BF4B-00C04F79EFBC}") = "PGA.Database.01", "..\..\PGA.Database.02\PGA.Database.Database.01\PGA.Database.01.csproj", "{5E0EEC36-50D3-4512-939D-D3E8C353310B}"
EndProject
Project("{FAE04EC0-301F-11D3-BF4B-00C04F79EFBC}") = "PGA.DataContext", "..\..\PGA.DataContext\PGA.DataContext\PGA.DataContext.csproj", "{506D9E8A-E07C-4DE7-B57A-18F9AB2B7735}"
EndProject
Project("{FAE04EC0-301F-11D3-BF4B-00C04F79EFBC}") = "BBC.Common.AutoCAD", "PGA.Common.AutoCAD\BBC.Common.AutoCAD\BBC.Common.AutoCAD.csproj", "{94CE62E5-86C3-4FC9-AE04-14813E316925}"
EndProject
Project("{FAE04EC0-301F-11D3-BF4B-00C04F79EFBC}") = "BBC.Common.Framework", "PGA.Common.AutoCAD\BBC.Common.Framework\BBC.Common.Framework.csproj", "{5D20161E-212F-486C-9676-C577A8CF4BF5}"
EndProject
Project("{FAE04EC0-301F-11D3-BF4B-00C04F79EFBC}") = "PGA.Surfaces", "..\..\PGA.Surfaces\NET\PGA.Surfaces.csproj", "{A9AE2226-3FB4-41E1-AAC7-42A250802636}"
EndProject
Project("{FAE04EC0-301F-11D3-BF4B-00C04F79EFBC}") = "PGA.SurfaceManager", "..\..\PGA.SurfaceManager\PGA.SurfaceManager\PGA.SurfaceManager.csproj", "{A3541071-E2F4-45AE-B3FD-FCF408A9107C}"
EndProject
Project("{FAE04EC0-301F-11D3-BF4B-00C04F79EFBC}") = "PGA.OffsetPolylines", "..\..\PGA.OffsetPolylines\PGA.OffsetPolylines\PGA.OffsetPolylines.csproj", "{1C56F665-F951-49AC-A34F-33CF33A0CBED}"
EndProject
Global
	GlobalSection(SolutionConfigurationPlatforms) = preSolution
		Debug|Any CPU = Debug|Any CPU
		Debug|Mixed Platforms = Debug|Mixed Platforms
		Debug|x64 = Debug|x64
		Debug|x86 = Debug|x86
		Release|Any CPU = Release|Any CPU
		Release|Mixed Platforms = Release|Mixed Platforms
		Release|x64 = Release|x64
		Release|x86 = Release|x86
	EndGlobalSection
	GlobalSection(ProjectConfigurationPlatforms) = postSolution
		{998DB097-6E8A-4611-89B4-9BC9C785EF06}.Debug|Any CPU.ActiveCfg = Debug|Any CPU
		{998DB097-6E8A-4611-89B4-9BC9C785EF06}.Debug|Any CPU.Build.0 = Debug|Any CPU
		{998DB097-6E8A-4611-89B4-9BC9C785EF06}.Debug|Mixed Platforms.ActiveCfg = Debug|x64
		{998DB097-6E8A-4611-89B4-9BC9C785EF06}.Debug|Mixed Platforms.Build.0 = Debug|x64
		{998DB097-6E8A-4611-89B4-9BC9C785EF06}.Debug|x64.ActiveCfg = Debug|x64
		{998DB097-6E8A-4611-89B4-9BC9C785EF06}.Debug|x64.Build.0 = Debug|x64
		{998DB097-6E8A-4611-89B4-9BC9C785EF06}.Debug|x86.ActiveCfg = Debug|x64
		{998DB097-6E8A-4611-89B4-9BC9C785EF06}.Debug|x86.Build.0 = Debug|x64
		{998DB097-6E8A-4611-89B4-9BC9C785EF06}.Release|Any CPU.ActiveCfg = Release|x86
		{998DB097-6E8A-4611-89B4-9BC9C785EF06}.Release|Mixed Platforms.ActiveCfg = Release|x86
		{998DB097-6E8A-4611-89B4-9BC9C785EF06}.Release|Mixed Platforms.Build.0 = Release|x86
		{998DB097-6E8A-4611-89B4-9BC9C785EF06}.Release|x64.ActiveCfg = Release|x64
		{998DB097-6E8A-4611-89B4-9BC9C785EF06}.Release|x86.ActiveCfg = Release|x86
		{998DB097-6E8A-4611-89B4-9BC9C785EF06}.Release|x86.Build.0 = Release|x86
		{AA0E2E50-A4F4-48B9-A6E9-AF5F1F97ED48}.Debug|Any CPU.ActiveCfg = Debug|Any CPU
		{AA0E2E50-A4F4-48B9-A6E9-AF5F1F97ED48}.Debug|Any CPU.Build.0 = Debug|Any CPU
		{AA0E2E50-A4F4-48B9-A6E9-AF5F1F97ED48}.Debug|Mixed Platforms.ActiveCfg = Debug|Any CPU
		{AA0E2E50-A4F4-48B9-A6E9-AF5F1F97ED48}.Debug|Mixed Platforms.Build.0 = Debug|Any CPU
		{AA0E2E50-A4F4-48B9-A6E9-AF5F1F97ED48}.Debug|x64.ActiveCfg = Debug|x64
		{AA0E2E50-A4F4-48B9-A6E9-AF5F1F97ED48}.Debug|x64.Build.0 = Debug|x64
		{AA0E2E50-A4F4-48B9-A6E9-AF5F1F97ED48}.Debug|x86.ActiveCfg = Debug|Any CPU
		{AA0E2E50-A4F4-48B9-A6E9-AF5F1F97ED48}.Debug|x86.Build.0 = Debug|Any CPU
		{AA0E2E50-A4F4-48B9-A6E9-AF5F1F97ED48}.Release|Any CPU.ActiveCfg = Release|Any CPU
		{AA0E2E50-A4F4-48B9-A6E9-AF5F1F97ED48}.Release|Any CPU.Build.0 = Release|Any CPU
		{AA0E2E50-A4F4-48B9-A6E9-AF5F1F97ED48}.Release|Mixed Platforms.ActiveCfg = Release|Any CPU
		{AA0E2E50-A4F4-48B9-A6E9-AF5F1F97ED48}.Release|Mixed Platforms.Build.0 = Release|Any CPU
		{AA0E2E50-A4F4-48B9-A6E9-AF5F1F97ED48}.Release|x64.ActiveCfg = Release|x64
		{AA0E2E50-A4F4-48B9-A6E9-AF5F1F97ED48}.Release|x64.Build.0 = Release|x64
		{AA0E2E50-A4F4-48B9-A6E9-AF5F1F97ED48}.Release|x86.ActiveCfg = Release|Any CPU
		{6C504A32-14E2-4667-BED8-CC542ED57701}.Debug|Any CPU.ActiveCfg = Debug|Any CPU
		{6C504A32-14E2-4667-BED8-CC542ED57701}.Debug|Any CPU.Build.0 = Debug|Any CPU
		{6C504A32-14E2-4667-BED8-CC542ED57701}.Debug|Mixed Platforms.ActiveCfg = Debug|Any CPU
		{6C504A32-14E2-4667-BED8-CC542ED57701}.Debug|Mixed Platforms.Build.0 = Debug|Any CPU
		{6C504A32-14E2-4667-BED8-CC542ED57701}.Debug|x64.ActiveCfg = Debug|x64
		{6C504A32-14E2-4667-BED8-CC542ED57701}.Debug|x64.Build.0 = Debug|x64
		{6C504A32-14E2-4667-BED8-CC542ED57701}.Debug|x86.ActiveCfg = Debug|Any CPU
		{6C504A32-14E2-4667-BED8-CC542ED57701}.Debug|x86.Build.0 = Debug|Any CPU
		{6C504A32-14E2-4667-BED8-CC542ED57701}.Release|Any CPU.ActiveCfg = Release|Any CPU
		{6C504A32-14E2-4667-BED8-CC542ED57701}.Release|Any CPU.Build.0 = Release|Any CPU
		{6C504A32-14E2-4667-BED8-CC542ED57701}.Release|Mixed Platforms.ActiveCfg = Release|Any CPU
		{6C504A32-14E2-4667-BED8-CC542ED57701}.Release|Mixed Platforms.Build.0 = Release|Any CPU
		{6C504A32-14E2-4667-BED8-CC542ED57701}.Release|x64.ActiveCfg = Release|x64
		{6C504A32-14E2-4667-BED8-CC542ED57701}.Release|x64.Build.0 = Release|x64
		{6C504A32-14E2-4667-BED8-CC542ED57701}.Release|x86.ActiveCfg = Release|Any CPU
		{460CB416-013F-4AA8-882F-BD0EE70D30AA}.Debug|Any CPU.ActiveCfg = Debug|Any CPU
		{460CB416-013F-4AA8-882F-BD0EE70D30AA}.Debug|Any CPU.Build.0 = Debug|Any CPU
		{460CB416-013F-4AA8-882F-BD0EE70D30AA}.Debug|Mixed Platforms.ActiveCfg = Debug|Any CPU
		{460CB416-013F-4AA8-882F-BD0EE70D30AA}.Debug|Mixed Platforms.Build.0 = Debug|Any CPU
		{460CB416-013F-4AA8-882F-BD0EE70D30AA}.Debug|x64.ActiveCfg = Debug|x64
		{460CB416-013F-4AA8-882F-BD0EE70D30AA}.Debug|x64.Build.0 = Debug|x64
		{460CB416-013F-4AA8-882F-BD0EE70D30AA}.Debug|x86.ActiveCfg = Debug|Any CPU
		{460CB416-013F-4AA8-882F-BD0EE70D30AA}.Debug|x86.Build.0 = Debug|Any CPU
		{460CB416-013F-4AA8-882F-BD0EE70D30AA}.Release|Any CPU.ActiveCfg = Release|Any CPU
		{460CB416-013F-4AA8-882F-BD0EE70D30AA}.Release|Any CPU.Build.0 = Release|Any CPU
		{460CB416-013F-4AA8-882F-BD0EE70D30AA}.Release|Mixed Platforms.ActiveCfg = Release|Any CPU
		{460CB416-013F-4AA8-882F-BD0EE70D30AA}.Release|Mixed Platforms.Build.0 = Release|Any CPU
		{460CB416-013F-4AA8-882F-BD0EE70D30AA}.Release|x64.ActiveCfg = Release|x64
		{460CB416-013F-4AA8-882F-BD0EE70D30AA}.Release|x64.Build.0 = Release|x64
		{460CB416-013F-4AA8-882F-BD0EE70D30AA}.Release|x86.ActiveCfg = Release|Any CPU
		{B62108A8-4FE0-4F3A-BA8F-861CB2BBDDBF}.Debug|Any CPU.ActiveCfg = Debug|Any CPU
		{B62108A8-4FE0-4F3A-BA8F-861CB2BBDDBF}.Debug|Any CPU.Build.0 = Debug|Any CPU
		{B62108A8-4FE0-4F3A-BA8F-861CB2BBDDBF}.Debug|Mixed Platforms.ActiveCfg = Debug|Any CPU
		{B62108A8-4FE0-4F3A-BA8F-861CB2BBDDBF}.Debug|Mixed Platforms.Build.0 = Debug|Any CPU
		{B62108A8-4FE0-4F3A-BA8F-861CB2BBDDBF}.Debug|x64.ActiveCfg = Debug|x64
		{B62108A8-4FE0-4F3A-BA8F-861CB2BBDDBF}.Debug|x64.Build.0 = Debug|x64
		{B62108A8-4FE0-4F3A-BA8F-861CB2BBDDBF}.Debug|x86.ActiveCfg = Debug|Any CPU
		{B62108A8-4FE0-4F3A-BA8F-861CB2BBDDBF}.Debug|x86.Build.0 = Debug|Any CPU
		{B62108A8-4FE0-4F3A-BA8F-861CB2BBDDBF}.Release|Any CPU.ActiveCfg = Release|Any CPU
		{B62108A8-4FE0-4F3A-BA8F-861CB2BBDDBF}.Release|Any CPU.Build.0 = Release|Any CPU
		{B62108A8-4FE0-4F3A-BA8F-861CB2BBDDBF}.Release|Mixed Platforms.ActiveCfg = Release|Any CPU
		{B62108A8-4FE0-4F3A-BA8F-861CB2BBDDBF}.Release|Mixed Platforms.Build.0 = Release|Any CPU
		{B62108A8-4FE0-4F3A-BA8F-861CB2BBDDBF}.Release|x64.ActiveCfg = Release|x64
		{B62108A8-4FE0-4F3A-BA8F-861CB2BBDDBF}.Release|x64.Build.0 = Release|x64
		{B62108A8-4FE0-4F3A-BA8F-861CB2BBDDBF}.Release|x86.ActiveCfg = Release|Any CPU
		{D57D50BC-FA99-46B0-B278-CBE5D2E7148E}.Debug|Any CPU.ActiveCfg = Debug|Any CPU
		{D57D50BC-FA99-46B0-B278-CBE5D2E7148E}.Debug|Any CPU.Build.0 = Debug|Any CPU
		{D57D50BC-FA99-46B0-B278-CBE5D2E7148E}.Debug|Mixed Platforms.ActiveCfg = Debug|Any CPU
		{D57D50BC-FA99-46B0-B278-CBE5D2E7148E}.Debug|Mixed Platforms.Build.0 = Debug|Any CPU
		{D57D50BC-FA99-46B0-B278-CBE5D2E7148E}.Debug|x64.ActiveCfg = Debug|x64
		{D57D50BC-FA99-46B0-B278-CBE5D2E7148E}.Debug|x64.Build.0 = Debug|x64
		{D57D50BC-FA99-46B0-B278-CBE5D2E7148E}.Debug|x86.ActiveCfg = Debug|Any CPU
		{D57D50BC-FA99-46B0-B278-CBE5D2E7148E}.Debug|x86.Build.0 = Debug|Any CPU
		{D57D50BC-FA99-46B0-B278-CBE5D2E7148E}.Release|Any CPU.ActiveCfg = Release|Any CPU
		{D57D50BC-FA99-46B0-B278-CBE5D2E7148E}.Release|Any CPU.Build.0 = Release|Any CPU
		{D57D50BC-FA99-46B0-B278-CBE5D2E7148E}.Release|Mixed Platforms.ActiveCfg = Release|Any CPU
		{D57D50BC-FA99-46B0-B278-CBE5D2E7148E}.Release|Mixed Platforms.Build.0 = Release|Any CPU
		{D57D50BC-FA99-46B0-B278-CBE5D2E7148E}.Release|x64.ActiveCfg = Release|x64
		{D57D50BC-FA99-46B0-B278-CBE5D2E7148E}.Release|x64.Build.0 = Release|x64
		{D57D50BC-FA99-46B0-B278-CBE5D2E7148E}.Release|x86.ActiveCfg = Release|Any CPU
		{55A6727A-77A2-43BD-BD1D-51B27DB7AB79}.Debug|Any CPU.ActiveCfg = Debug|Any CPU
		{55A6727A-77A2-43BD-BD1D-51B27DB7AB79}.Debug|Any CPU.Build.0 = Debug|Any CPU
		{55A6727A-77A2-43BD-BD1D-51B27DB7AB79}.Debug|Mixed Platforms.ActiveCfg = Debug|Any CPU
		{55A6727A-77A2-43BD-BD1D-51B27DB7AB79}.Debug|Mixed Platforms.Build.0 = Debug|Any CPU
		{55A6727A-77A2-43BD-BD1D-51B27DB7AB79}.Debug|x64.ActiveCfg = Debug|x64
		{55A6727A-77A2-43BD-BD1D-51B27DB7AB79}.Debug|x64.Build.0 = Debug|x64
		{55A6727A-77A2-43BD-BD1D-51B27DB7AB79}.Debug|x86.ActiveCfg = Debug|Any CPU
		{55A6727A-77A2-43BD-BD1D-51B27DB7AB79}.Debug|x86.Build.0 = Debug|Any CPU
		{55A6727A-77A2-43BD-BD1D-51B27DB7AB79}.Release|Any CPU.ActiveCfg = Release|Any CPU
		{55A6727A-77A2-43BD-BD1D-51B27DB7AB79}.Release|Any CPU.Build.0 = Release|Any CPU
		{55A6727A-77A2-43BD-BD1D-51B27DB7AB79}.Release|Mixed Platforms.ActiveCfg = Release|Any CPU
		{55A6727A-77A2-43BD-BD1D-51B27DB7AB79}.Release|Mixed Platforms.Build.0 = Release|Any CPU
		{55A6727A-77A2-43BD-BD1D-51B27DB7AB79}.Release|x64.ActiveCfg = Release|x64
		{55A6727A-77A2-43BD-BD1D-51B27DB7AB79}.Release|x64.Build.0 = Release|x64
		{55A6727A-77A2-43BD-BD1D-51B27DB7AB79}.Release|x86.ActiveCfg = Release|Any CPU
		{55A6727A-77A2-43BD-BD1D-51B27DB7AB79}.Release|x86.Build.0 = Release|Any CPU
		{5E0EEC36-50D3-4512-939D-D3E8C353310B}.Debug|Any CPU.ActiveCfg = Debug|Any CPU
		{5E0EEC36-50D3-4512-939D-D3E8C353310B}.Debug|Any CPU.Build.0 = Debug|Any CPU
		{5E0EEC36-50D3-4512-939D-D3E8C353310B}.Debug|Mixed Platforms.ActiveCfg = Debug|Any CPU
		{5E0EEC36-50D3-4512-939D-D3E8C353310B}.Debug|Mixed Platforms.Build.0 = Debug|Any CPU
		{5E0EEC36-50D3-4512-939D-D3E8C353310B}.Debug|x64.ActiveCfg = Debug|x64
		{5E0EEC36-50D3-4512-939D-D3E8C353310B}.Debug|x64.Build.0 = Debug|x64
		{5E0EEC36-50D3-4512-939D-D3E8C353310B}.Debug|x86.ActiveCfg = Debug|Any CPU
		{5E0EEC36-50D3-4512-939D-D3E8C353310B}.Debug|x86.Build.0 = Debug|Any CPU
		{5E0EEC36-50D3-4512-939D-D3E8C353310B}.Release|Any CPU.ActiveCfg = Release|Any CPU
		{5E0EEC36-50D3-4512-939D-D3E8C353310B}.Release|Any CPU.Build.0 = Release|Any CPU
		{5E0EEC36-50D3-4512-939D-D3E8C353310B}.Release|Mixed Platforms.ActiveCfg = Release|Any CPU
		{5E0EEC36-50D3-4512-939D-D3E8C353310B}.Release|Mixed Platforms.Build.0 = Release|Any CPU
		{5E0EEC36-50D3-4512-939D-D3E8C353310B}.Release|x64.ActiveCfg = Release|x64
		{5E0EEC36-50D3-4512-939D-D3E8C353310B}.Release|x64.Build.0 = Release|x64
		{5E0EEC36-50D3-4512-939D-D3E8C353310B}.Release|x86.ActiveCfg = Release|Any CPU
		{5E0EEC36-50D3-4512-939D-D3E8C353310B}.Release|x86.Build.0 = Release|Any CPU
		{506D9E8A-E07C-4DE7-B57A-18F9AB2B7735}.Debug|Any CPU.ActiveCfg = Debug|Any CPU
		{506D9E8A-E07C-4DE7-B57A-18F9AB2B7735}.Debug|Any CPU.Build.0 = Debug|Any CPU
		{506D9E8A-E07C-4DE7-B57A-18F9AB2B7735}.Debug|Mixed Platforms.ActiveCfg = Debug|Any CPU
		{506D9E8A-E07C-4DE7-B57A-18F9AB2B7735}.Debug|Mixed Platforms.Build.0 = Debug|Any CPU
		{506D9E8A-E07C-4DE7-B57A-18F9AB2B7735}.Debug|x64.ActiveCfg = Debug|x64
		{506D9E8A-E07C-4DE7-B57A-18F9AB2B7735}.Debug|x64.Build.0 = Debug|x64
		{506D9E8A-E07C-4DE7-B57A-18F9AB2B7735}.Debug|x86.ActiveCfg = Debug|Any CPU
		{506D9E8A-E07C-4DE7-B57A-18F9AB2B7735}.Debug|x86.Build.0 = Debug|Any CPU
		{506D9E8A-E07C-4DE7-B57A-18F9AB2B7735}.Release|Any CPU.ActiveCfg = Release|Any CPU
		{506D9E8A-E07C-4DE7-B57A-18F9AB2B7735}.Release|Any CPU.Build.0 = Release|Any CPU
		{506D9E8A-E07C-4DE7-B57A-18F9AB2B7735}.Release|Mixed Platforms.ActiveCfg = Release|Any CPU
		{506D9E8A-E07C-4DE7-B57A-18F9AB2B7735}.Release|Mixed Platforms.Build.0 = Release|Any CPU
		{506D9E8A-E07C-4DE7-B57A-18F9AB2B7735}.Release|x64.ActiveCfg = Release|x64
		{506D9E8A-E07C-4DE7-B57A-18F9AB2B7735}.Release|x64.Build.0 = Release|x64
		{506D9E8A-E07C-4DE7-B57A-18F9AB2B7735}.Release|x86.ActiveCfg = Release|Any CPU
		{506D9E8A-E07C-4DE7-B57A-18F9AB2B7735}.Release|x86.Build.0 = Release|Any CPU
		{94CE62E5-86C3-4FC9-AE04-14813E316925}.Debug|Any CPU.ActiveCfg = Debug|Any CPU
		{94CE62E5-86C3-4FC9-AE04-14813E316925}.Debug|Any CPU.Build.0 = Debug|Any CPU
		{94CE62E5-86C3-4FC9-AE04-14813E316925}.Debug|Mixed Platforms.ActiveCfg = Debug|Any CPU
		{94CE62E5-86C3-4FC9-AE04-14813E316925}.Debug|Mixed Platforms.Build.0 = Debug|Any CPU
		{94CE62E5-86C3-4FC9-AE04-14813E316925}.Debug|x64.ActiveCfg = Debug|x64
		{94CE62E5-86C3-4FC9-AE04-14813E316925}.Debug|x64.Build.0 = Debug|x64
		{94CE62E5-86C3-4FC9-AE04-14813E316925}.Debug|x86.ActiveCfg = Debug|Any CPU
		{94CE62E5-86C3-4FC9-AE04-14813E316925}.Debug|x86.Build.0 = Debug|Any CPU
		{94CE62E5-86C3-4FC9-AE04-14813E316925}.Release|Any CPU.ActiveCfg = Release|Any CPU
		{94CE62E5-86C3-4FC9-AE04-14813E316925}.Release|Any CPU.Build.0 = Release|Any CPU
		{94CE62E5-86C3-4FC9-AE04-14813E316925}.Release|Mixed Platforms.ActiveCfg = Release|Any CPU
		{94CE62E5-86C3-4FC9-AE04-14813E316925}.Release|Mixed Platforms.Build.0 = Release|Any CPU
		{94CE62E5-86C3-4FC9-AE04-14813E316925}.Release|x64.ActiveCfg = Release|x64
		{94CE62E5-86C3-4FC9-AE04-14813E316925}.Release|x64.Build.0 = Release|x64
		{94CE62E5-86C3-4FC9-AE04-14813E316925}.Release|x86.ActiveCfg = Release|Any CPU
		{94CE62E5-86C3-4FC9-AE04-14813E316925}.Release|x86.Build.0 = Release|Any CPU
		{5D20161E-212F-486C-9676-C577A8CF4BF5}.Debug|Any CPU.ActiveCfg = Debug|Any CPU
		{5D20161E-212F-486C-9676-C577A8CF4BF5}.Debug|Any CPU.Build.0 = Debug|Any CPU
		{5D20161E-212F-486C-9676-C577A8CF4BF5}.Debug|Mixed Platforms.ActiveCfg = Debug|Any CPU
		{5D20161E-212F-486C-9676-C577A8CF4BF5}.Debug|Mixed Platforms.Build.0 = Debug|Any CPU
		{5D20161E-212F-486C-9676-C577A8CF4BF5}.Debug|x64.ActiveCfg = Debug|x64
		{5D20161E-212F-486C-9676-C577A8CF4BF5}.Debug|x64.Build.0 = Debug|x64
		{5D20161E-212F-486C-9676-C577A8CF4BF5}.Debug|x86.ActiveCfg = Debug|Any CPU
		{5D20161E-212F-486C-9676-C577A8CF4BF5}.Debug|x86.Build.0 = Debug|Any CPU
		{5D20161E-212F-486C-9676-C577A8CF4BF5}.Release|Any CPU.ActiveCfg = Release|Any CPU
		{5D20161E-212F-486C-9676-C577A8CF4BF5}.Release|Any CPU.Build.0 = Release|Any CPU
		{5D20161E-212F-486C-9676-C577A8CF4BF5}.Release|Mixed Platforms.ActiveCfg = Release|Any CPU
		{5D20161E-212F-486C-9676-C577A8CF4BF5}.Release|Mixed Platforms.Build.0 = Release|Any CPU
		{5D20161E-212F-486C-9676-C577A8CF4BF5}.Release|x64.ActiveCfg = Release|Any CPU
		{5D20161E-212F-486C-9676-C577A8CF4BF5}.Release|x64.Build.0 = Release|Any CPU
		{5D20161E-212F-486C-9676-C577A8CF4BF5}.Release|x86.ActiveCfg = Release|Any CPU
		{5D20161E-212F-486C-9676-C577A8CF4BF5}.Release|x86.Build.0 = Release|Any CPU
		{A9AE2226-3FB4-41E1-AAC7-42A250802636}.Debug|Any CPU.ActiveCfg = Debug|Any CPU
		{A9AE2226-3FB4-41E1-AAC7-42A250802636}.Debug|Any CPU.Build.0 = Debug|Any CPU
		{A9AE2226-3FB4-41E1-AAC7-42A250802636}.Debug|Mixed Platforms.ActiveCfg = Debug|Any CPU
		{A9AE2226-3FB4-41E1-AAC7-42A250802636}.Debug|Mixed Platforms.Build.0 = Debug|Any CPU
		{A9AE2226-3FB4-41E1-AAC7-42A250802636}.Debug|x64.ActiveCfg = Debug|x64
		{A9AE2226-3FB4-41E1-AAC7-42A250802636}.Debug|x64.Build.0 = Debug|x64
		{A9AE2226-3FB4-41E1-AAC7-42A250802636}.Debug|x86.ActiveCfg = Debug|Any CPU
		{A9AE2226-3FB4-41E1-AAC7-42A250802636}.Debug|x86.Build.0 = Debug|Any CPU
		{A9AE2226-3FB4-41E1-AAC7-42A250802636}.Release|Any CPU.ActiveCfg = Release|Any CPU
		{A9AE2226-3FB4-41E1-AAC7-42A250802636}.Release|Any CPU.Build.0 = Release|Any CPU
		{A9AE2226-3FB4-41E1-AAC7-42A250802636}.Release|Mixed Platforms.ActiveCfg = Release|Any CPU
		{A9AE2226-3FB4-41E1-AAC7-42A250802636}.Release|Mixed Platforms.Build.0 = Release|Any CPU
		{A9AE2226-3FB4-41E1-AAC7-42A250802636}.Release|x64.ActiveCfg = Release|x64
		{A9AE2226-3FB4-41E1-AAC7-42A250802636}.Release|x64.Build.0 = Release|x64
		{A9AE2226-3FB4-41E1-AAC7-42A250802636}.Release|x86.ActiveCfg = Release|Any CPU
		{A9AE2226-3FB4-41E1-AAC7-42A250802636}.Release|x86.Build.0 = Release|Any CPU
		{A3541071-E2F4-45AE-B3FD-FCF408A9107C}.Debug|Any CPU.ActiveCfg = Debug|Any CPU
		{A3541071-E2F4-45AE-B3FD-FCF408A9107C}.Debug|Any CPU.Build.0 = Debug|Any CPU
		{A3541071-E2F4-45AE-B3FD-FCF408A9107C}.Debug|Mixed Platforms.ActiveCfg = Debug|Any CPU
		{A3541071-E2F4-45AE-B3FD-FCF408A9107C}.Debug|Mixed Platforms.Build.0 = Debug|Any CPU
		{A3541071-E2F4-45AE-B3FD-FCF408A9107C}.Debug|x64.ActiveCfg = Debug|x64
		{A3541071-E2F4-45AE-B3FD-FCF408A9107C}.Debug|x64.Build.0 = Debug|x64
		{A3541071-E2F4-45AE-B3FD-FCF408A9107C}.Debug|x86.ActiveCfg = Debug|Any CPU
		{A3541071-E2F4-45AE-B3FD-FCF408A9107C}.Debug|x86.Build.0 = Debug|Any CPU
		{A3541071-E2F4-45AE-B3FD-FCF408A9107C}.Release|Any CPU.ActiveCfg = Release|Any CPU
		{A3541071-E2F4-45AE-B3FD-FCF408A9107C}.Release|Any CPU.Build.0 = Release|Any CPU
		{A3541071-E2F4-45AE-B3FD-FCF408A9107C}.Release|Mixed Platforms.ActiveCfg = Release|Any CPU
		{A3541071-E2F4-45AE-B3FD-FCF408A9107C}.Release|Mixed Platforms.Build.0 = Release|Any CPU
		{A3541071-E2F4-45AE-B3FD-FCF408A9107C}.Release|x64.ActiveCfg = Release|Any CPU
		{A3541071-E2F4-45AE-B3FD-FCF408A9107C}.Release|x64.Build.0 = Release|Any CPU
		{A3541071-E2F4-45AE-B3FD-FCF408A9107C}.Release|x86.ActiveCfg = Release|Any CPU
		{A3541071-E2F4-45AE-B3FD-FCF408A9107C}.Release|x86.Build.0 = Release|Any CPU
		{1C56F665-F951-49AC-A34F-33CF33A0CBED}.Debug|Any CPU.ActiveCfg = Debug|Any CPU
		{1C56F665-F951-49AC-A34F-33CF33A0CBED}.Debug|Any CPU.Build.0 = Debug|Any CPU
		{1C56F665-F951-49AC-A34F-33CF33A0CBED}.Debug|Mixed Platforms.ActiveCfg = Debug|Any CPU
		{1C56F665-F951-49AC-A34F-33CF33A0CBED}.Debug|Mixed Platforms.Build.0 = Debug|Any CPU
		{1C56F665-F951-49AC-A34F-33CF33A0CBED}.Debug|x64.ActiveCfg = Debug|x64
		{1C56F665-F951-49AC-A34F-33CF33A0CBED}.Debug|x64.Build.0 = Debug|x64
		{1C56F665-F951-49AC-A34F-33CF33A0CBED}.Debug|x86.ActiveCfg = Debug|Any CPU
		{1C56F665-F951-49AC-A34F-33CF33A0CBED}.Debug|x86.Build.0 = Debug|Any CPU
		{1C56F665-F951-49AC-A34F-33CF33A0CBED}.Release|Any CPU.ActiveCfg = Release|Any CPU
		{1C56F665-F951-49AC-A34F-33CF33A0CBED}.Release|Any CPU.Build.0 = Release|Any CPU
		{1C56F665-F951-49AC-A34F-33CF33A0CBED}.Release|Mixed Platforms.ActiveCfg = Release|Any CPU
		{1C56F665-F951-49AC-A34F-33CF33A0CBED}.Release|Mixed Platforms.Build.0 = Release|Any CPU
		{1C56F665-F951-49AC-A34F-33CF33A0CBED}.Release|x64.ActiveCfg = Release|Any CPU
		{1C56F665-F951-49AC-A34F-33CF33A0CBED}.Release|x64.Build.0 = Release|Any CPU
		{1C56F665-F951-49AC-A34F-33CF33A0CBED}.Release|x86.ActiveCfg = Release|Any CPU
		{1C56F665-F951-49AC-A34F-33CF33A0CBED}.Release|x86.Build.0 = Release|Any CPU
	EndGlobalSection
	GlobalSection(SolutionProperties) = preSolution
		HideSolutionNode = FALSE
	EndGlobalSection
	GlobalSection(TestCaseManagementSettings) = postSolution
		CategoryFile = PGA-Tour-Civil-App.vsmdi
	EndGlobalSection
EndGlobal
