
Microsoft Visual Studio Solution File, Format Version 12.00
# Visual Studio 14
VisualStudioVersion = 14.0.23107.0
MinimumVisualStudioVersion = 10.0.40219.1
Project("{FAE04EC0-301F-11D3-BF4B-00C04F79EFBC}") = "PGA.Database.01", "PGA.Database.01.csproj", "{5E0EEC36-50D3-4512-939D-D3E8C353310B}"
EndProject
Project("{FAE04EC0-301F-11D3-BF4B-00C04F79EFBC}") = "PGA.Database.01Tests", "PGA.Database.01Tests\PGA.Database.01Tests.csproj", "{80CCCEAB-8638-4F01-A94F-6C72B0E5EF94}"
EndProject
Project("{FAE04EC0-301F-11D3-BF4B-00C04F79EFBC}") = "PGA.DataContext", "..\..\PGA.DataContext\PGA.DataContext\PGA.DataContext.csproj", "{506D9E8A-E07C-4DE7-B57A-18F9AB2B7735}"
EndProject
Global
	GlobalSection(SolutionConfigurationPlatforms) = preSolution
		Debug|Any CPU = Debug|Any CPU
		Release|Any CPU = Release|Any CPU
	EndGlobalSection
	GlobalSection(ProjectConfigurationPlatforms) = postSolution
		{5E0EEC36-50D3-4512-939D-D3E8C353310B}.Debug|Any CPU.ActiveCfg = Debug|Any CPU
		{5E0EEC36-50D3-4512-939D-D3E8C353310B}.Debug|Any CPU.Build.0 = Debug|Any CPU
		{5E0EEC36-50D3-4512-939D-D3E8C353310B}.Release|Any CPU.ActiveCfg = Release|Any CPU
		{5E0EEC36-50D3-4512-939D-D3E8C353310B}.Release|Any CPU.Build.0 = Release|Any CPU
		{80CCCEAB-8638-4F01-A94F-6C72B0E5EF94}.Debug|Any CPU.ActiveCfg = Debug|Any CPU
		{80CCCEAB-8638-4F01-A94F-6C72B0E5EF94}.Debug|Any CPU.Build.0 = Debug|Any CPU
		{80CCCEAB-8638-4F01-A94F-6C72B0E5EF94}.Release|Any CPU.ActiveCfg = Release|Any CPU
		{80CCCEAB-8638-4F01-A94F-6C72B0E5EF94}.Release|Any CPU.Build.0 = Release|Any CPU
		{506D9E8A-E07C-4DE7-B57A-18F9AB2B7735}.Debug|Any CPU.ActiveCfg = Debug|Any CPU
		{506D9E8A-E07C-4DE7-B57A-18F9AB2B7735}.Debug|Any CPU.Build.0 = Debug|Any CPU
		{506D9E8A-E07C-4DE7-B57A-18F9AB2B7735}.Release|Any CPU.ActiveCfg = Release|Any CPU
		{506D9E8A-E07C-4DE7-B57A-18F9AB2B7735}.Release|Any CPU.Build.0 = Release|Any CPU
	EndGlobalSection
	GlobalSection(SolutionProperties) = preSolution
		HideSolutionNode = FALSE
	EndGlobalSection
EndGlobal
