
Microsoft Visual Studio Solution File, Format Version 12.00
# Visual Studio 14
VisualStudioVersion = 14.0.25420.1
MinimumVisualStudioVersion = 10.0.40219.1
Project("{FAE04EC0-301F-11D3-BF4B-00C04F79EFBC}") = "PGA.AutoLoader", "PGA.AutoLoader\PGA.AutoLoader.csproj", "{BE93D825-0FC2-478F-847D-B37CF66E5A31}"
EndProject
Global
	GlobalSection(SolutionConfigurationPlatforms) = preSolution
		Debug|Any CPU = Debug|Any CPU
		Release|Any CPU = Release|Any CPU
	EndGlobalSection
	GlobalSection(ProjectConfigurationPlatforms) = postSolution
		{BE93D825-0FC2-478F-847D-B37CF66E5A31}.Debug|Any CPU.ActiveCfg = Debug|Any CPU
		{BE93D825-0FC2-478F-847D-B37CF66E5A31}.Debug|Any CPU.Build.0 = Debug|Any CPU
		{BE93D825-0FC2-478F-847D-B37CF66E5A31}.Release|Any CPU.ActiveCfg = Release|Any CPU
		{BE93D825-0FC2-478F-847D-B37CF66E5A31}.Release|Any CPU.Build.0 = Release|Any CPU
	EndGlobalSection
	GlobalSection(SolutionProperties) = preSolution
		HideSolutionNode = FALSE
	EndGlobalSection
EndGlobal
