
Microsoft Visual Studio Solution File, Format Version 12.00
# Visual Studio 14
VisualStudioVersion = 14.0.25420.1
MinimumVisualStudioVersion = 10.0.40219.1
Project("{FAE04EC0-301F-11D3-BF4B-00C04F79EFBC}") = "PGA.UpdateManager_1.0", "PGA.UpdateManager_1.0.csproj", "{025147F7-0FF0-4C59-9244-D446B5C83289}"
EndProject
Global
	GlobalSection(SolutionConfigurationPlatforms) = preSolution
		Debug|Any CPU = Debug|Any CPU
		Release|Any CPU = Release|Any CPU
	EndGlobalSection
	GlobalSection(ProjectConfigurationPlatforms) = postSolution
		{025147F7-0FF0-4C59-9244-D446B5C83289}.Debug|Any CPU.ActiveCfg = Debug|x64
		{025147F7-0FF0-4C59-9244-D446B5C83289}.Debug|Any CPU.Build.0 = Debug|x64
		{025147F7-0FF0-4C59-9244-D446B5C83289}.Release|Any CPU.ActiveCfg = Release|Any CPU
		{025147F7-0FF0-4C59-9244-D446B5C83289}.Release|Any CPU.Build.0 = Release|Any CPU
	EndGlobalSection
	GlobalSection(SolutionProperties) = preSolution
		HideSolutionNode = FALSE
	EndGlobalSection
EndGlobal
