
Microsoft Visual Studio Solution File, Format Version 11.00
# Visual Studio 2010
Project("{2150E333-8FDC-42A3-9474-1A3956D46DE8}") = "NET", "NET", "{C4D3F12A-9779-4175-AEF8-FF09E1F3EDDB}"
EndProject
Project("{FAE04EC0-301F-11D3-BF4B-00C04F79EFBC}") = "C3DSurfaces", "NET\C3DSurfaces.csproj", "{A9AE2226-3FB4-41E1-AAC7-42A250802636}"
EndProject
Global
	GlobalSection(SolutionConfigurationPlatforms) = preSolution
		Debug|Any CPU = Debug|Any CPU
		Debug|x64 = Debug|x64
		Release|Any CPU = Release|Any CPU
		Release|x64 = Release|x64
	EndGlobalSection
	GlobalSection(ProjectConfigurationPlatforms) = postSolution
		{A9AE2226-3FB4-41E1-AAC7-42A250802636}.Debug|Any CPU.ActiveCfg = Debug|Any CPU
		{A9AE2226-3FB4-41E1-AAC7-42A250802636}.Debug|Any CPU.Build.0 = Debug|Any CPU
		{A9AE2226-3FB4-41E1-AAC7-42A250802636}.Debug|x64.ActiveCfg = Debug|x64
		{A9AE2226-3FB4-41E1-AAC7-42A250802636}.Debug|x64.Build.0 = Debug|x64
		{A9AE2226-3FB4-41E1-AAC7-42A250802636}.Release|Any CPU.ActiveCfg = Release|Any CPU
		{A9AE2226-3FB4-41E1-AAC7-42A250802636}.Release|Any CPU.Build.0 = Release|Any CPU
		{A9AE2226-3FB4-41E1-AAC7-42A250802636}.Release|x64.ActiveCfg = Release|x64
		{A9AE2226-3FB4-41E1-AAC7-42A250802636}.Release|x64.Build.0 = Release|x64
	EndGlobalSection
	GlobalSection(SolutionProperties) = preSolution
		HideSolutionNode = FALSE
	EndGlobalSection
	GlobalSection(NestedProjects) = preSolution
		{A9AE2226-3FB4-41E1-AAC7-42A250802636} = {C4D3F12A-9779-4175-AEF8-FF09E1F3EDDB}
	EndGlobalSection
EndGlobal
