
Microsoft Visual Studio Solution File, Format Version 12.00
# Visual Studio 14
VisualStudioVersion = 14.0.23107.0
MinimumVisualStudioVersion = 10.0.40219.1
Project("{FAE04EC0-301F-11D3-BF4B-00C04F79EFBC}") = "PGA.TaskManager", "PGA.TaskManager\PGA.TaskManager.csproj", "{DB94CD49-7FF6-49B0-B164-FA60441293B9}"
EndProject
Project("{FAE04EC0-301F-11D3-BF4B-00C04F79EFBC}") = "PGA.Database.01", "..\PGA.Database.02\PGA.Database.Database.01\PGA.Database.01.csproj", "{5E0EEC36-50D3-4512-939D-D3E8C353310B}"
EndProject
Project("{FAE04EC0-301F-11D3-BF4B-00C04F79EFBC}") = "PGA.DataContext", "..\PGA.DataContext\PGA.DataContext\PGA.DataContext.csproj", "{506D9E8A-E07C-4DE7-B57A-18F9AB2B7735}"
EndProject
Project("{FAE04EC0-301F-11D3-BF4B-00C04F79EFBC}") = "PGA.TaskManagerTests", "PGA.TaskManagerTests\PGA.TaskManagerTests.csproj", "{C9AD21B0-0ABE-477B-9909-1FC432EA3536}"
EndProject
Project("{FAE04EC0-301F-11D3-BF4B-00C04F79EFBC}") = "PGA.Database.01Tests", "PGA.Database.01Tests\PGA.Database.01Tests.csproj", "{5EF504B5-D1F0-4085-8130-2373D91A5233}"
EndProject
Project("{FAE04EC0-301F-11D3-BF4B-00C04F79EFBC}") = "PGA.MessengerManager", "..\PGA.MessengerManager\PGA.MessengerManager.csproj", "{55A6727A-77A2-43BD-BD1D-51B27DB7AB79}"
EndProject
Global
	GlobalSection(SolutionConfigurationPlatforms) = preSolution
		Debug|Any CPU = Debug|Any CPU
		Debug|x64 = Debug|x64
		Release|Any CPU = Release|Any CPU
		Release|x64 = Release|x64
	EndGlobalSection
	GlobalSection(ProjectConfigurationPlatforms) = postSolution
		{DB94CD49-7FF6-49B0-B164-FA60441293B9}.Debug|Any CPU.ActiveCfg = Debug|Any CPU
		{DB94CD49-7FF6-49B0-B164-FA60441293B9}.Debug|Any CPU.Build.0 = Debug|Any CPU
		{DB94CD49-7FF6-49B0-B164-FA60441293B9}.Debug|x64.ActiveCfg = Debug|Any CPU
		{DB94CD49-7FF6-49B0-B164-FA60441293B9}.Debug|x64.Build.0 = Debug|Any CPU
		{DB94CD49-7FF6-49B0-B164-FA60441293B9}.Release|Any CPU.ActiveCfg = Release|Any CPU
		{DB94CD49-7FF6-49B0-B164-FA60441293B9}.Release|Any CPU.Build.0 = Release|Any CPU
		{DB94CD49-7FF6-49B0-B164-FA60441293B9}.Release|x64.ActiveCfg = Release|Any CPU
		{DB94CD49-7FF6-49B0-B164-FA60441293B9}.Release|x64.Build.0 = Release|Any CPU
		{5E0EEC36-50D3-4512-939D-D3E8C353310B}.Debug|Any CPU.ActiveCfg = Debug|Any CPU
		{5E0EEC36-50D3-4512-939D-D3E8C353310B}.Debug|Any CPU.Build.0 = Debug|Any CPU
		{5E0EEC36-50D3-4512-939D-D3E8C353310B}.Debug|x64.ActiveCfg = Debug|x64
		{5E0EEC36-50D3-4512-939D-D3E8C353310B}.Debug|x64.Build.0 = Debug|x64
		{5E0EEC36-50D3-4512-939D-D3E8C353310B}.Release|Any CPU.ActiveCfg = Release|Any CPU
		{5E0EEC36-50D3-4512-939D-D3E8C353310B}.Release|Any CPU.Build.0 = Release|Any CPU
		{5E0EEC36-50D3-4512-939D-D3E8C353310B}.Release|x64.ActiveCfg = Release|x64
		{5E0EEC36-50D3-4512-939D-D3E8C353310B}.Release|x64.Build.0 = Release|x64
		{506D9E8A-E07C-4DE7-B57A-18F9AB2B7735}.Debug|Any CPU.ActiveCfg = Debug|Any CPU
		{506D9E8A-E07C-4DE7-B57A-18F9AB2B7735}.Debug|Any CPU.Build.0 = Debug|Any CPU
		{506D9E8A-E07C-4DE7-B57A-18F9AB2B7735}.Debug|x64.ActiveCfg = Debug|Any CPU
		{506D9E8A-E07C-4DE7-B57A-18F9AB2B7735}.Debug|x64.Build.0 = Debug|Any CPU
		{506D9E8A-E07C-4DE7-B57A-18F9AB2B7735}.Release|Any CPU.ActiveCfg = Release|Any CPU
		{506D9E8A-E07C-4DE7-B57A-18F9AB2B7735}.Release|Any CPU.Build.0 = Release|Any CPU
		{506D9E8A-E07C-4DE7-B57A-18F9AB2B7735}.Release|x64.ActiveCfg = Release|Any CPU
		{506D9E8A-E07C-4DE7-B57A-18F9AB2B7735}.Release|x64.Build.0 = Release|Any CPU
		{C9AD21B0-0ABE-477B-9909-1FC432EA3536}.Debug|Any CPU.ActiveCfg = Debug|Any CPU
		{C9AD21B0-0ABE-477B-9909-1FC432EA3536}.Debug|Any CPU.Build.0 = Debug|Any CPU
		{C9AD21B0-0ABE-477B-9909-1FC432EA3536}.Debug|x64.ActiveCfg = Debug|Any CPU
		{C9AD21B0-0ABE-477B-9909-1FC432EA3536}.Debug|x64.Build.0 = Debug|Any CPU
		{C9AD21B0-0ABE-477B-9909-1FC432EA3536}.Release|Any CPU.ActiveCfg = Release|Any CPU
		{C9AD21B0-0ABE-477B-9909-1FC432EA3536}.Release|Any CPU.Build.0 = Release|Any CPU
		{C9AD21B0-0ABE-477B-9909-1FC432EA3536}.Release|x64.ActiveCfg = Release|Any CPU
		{C9AD21B0-0ABE-477B-9909-1FC432EA3536}.Release|x64.Build.0 = Release|Any CPU
		{5EF504B5-D1F0-4085-8130-2373D91A5233}.Debug|Any CPU.ActiveCfg = Debug|Any CPU
		{5EF504B5-D1F0-4085-8130-2373D91A5233}.Debug|Any CPU.Build.0 = Debug|Any CPU
		{5EF504B5-D1F0-4085-8130-2373D91A5233}.Debug|x64.ActiveCfg = Debug|Any CPU
		{5EF504B5-D1F0-4085-8130-2373D91A5233}.Debug|x64.Build.0 = Debug|Any CPU
		{5EF504B5-D1F0-4085-8130-2373D91A5233}.Release|Any CPU.ActiveCfg = Release|Any CPU
		{5EF504B5-D1F0-4085-8130-2373D91A5233}.Release|Any CPU.Build.0 = Release|Any CPU
		{5EF504B5-D1F0-4085-8130-2373D91A5233}.Release|x64.ActiveCfg = Release|Any CPU
		{5EF504B5-D1F0-4085-8130-2373D91A5233}.Release|x64.Build.0 = Release|Any CPU
		{55A6727A-77A2-43BD-BD1D-51B27DB7AB79}.Debug|Any CPU.ActiveCfg = Debug|Any CPU
		{55A6727A-77A2-43BD-BD1D-51B27DB7AB79}.Debug|Any CPU.Build.0 = Debug|Any CPU
		{55A6727A-77A2-43BD-BD1D-51B27DB7AB79}.Debug|x64.ActiveCfg = Debug|Any CPU
		{55A6727A-77A2-43BD-BD1D-51B27DB7AB79}.Debug|x64.Build.0 = Debug|Any CPU
		{55A6727A-77A2-43BD-BD1D-51B27DB7AB79}.Release|Any CPU.ActiveCfg = Release|Any CPU
		{55A6727A-77A2-43BD-BD1D-51B27DB7AB79}.Release|Any CPU.Build.0 = Release|Any CPU
		{55A6727A-77A2-43BD-BD1D-51B27DB7AB79}.Release|x64.ActiveCfg = Release|Any CPU
		{55A6727A-77A2-43BD-BD1D-51B27DB7AB79}.Release|x64.Build.0 = Release|Any CPU
	EndGlobalSection
	GlobalSection(SolutionProperties) = preSolution
		HideSolutionNode = FALSE
	EndGlobalSection
EndGlobal
