
Microsoft Visual Studio Solution File, Format Version 12.00
# Visual Studio 14
VisualStudioVersion = 14.0.25420.1
MinimumVisualStudioVersion = 10.0.40219.1
Project("{FAE04EC0-301F-11D3-BF4B-00C04F79EFBC}") = "PGA.Breaklines", "PGA.Breaklines\PGA.Breaklines.csproj", "{8562E7F6-AF08-4B6B-AC35-93F768831FA7}"
EndProject
Project("{FAE04EC0-301F-11D3-BF4B-00C04F79EFBC}") = "PGA.MessengerManager", "..\PGA.MessengerManager\PGA.MessengerManager.csproj", "{55A6727A-77A2-43BD-BD1D-51B27DB7AB79}"
EndProject
Project("{FAE04EC0-301F-11D3-BF4B-00C04F79EFBC}") = "PGA.Database.01", "..\PGA.Database.02\PGA.Database.Database.01\PGA.Database.01.csproj", "{5E0EEC36-50D3-4512-939D-D3E8C353310B}"
EndProject
Project("{FAE04EC0-301F-11D3-BF4B-00C04F79EFBC}") = "PGA.AcadUtilities", "..\PGA.AcadUtilities\PGA.AcadUtilities\PGA.AcadUtilities.csproj", "{5FBC9423-49A9-420F-8026-C4205C4731E0}"
EndProject
Project("{FAE04EC0-301F-11D3-BF4B-00C04F79EFBC}") = "PGA.DataContext", "..\PGA.DataContext\PGA.DataContext\PGA.DataContext.csproj", "{506D9E8A-E07C-4DE7-B57A-18F9AB2B7735}"
EndProject
Project("{FAE04EC0-301F-11D3-BF4B-00C04F79EFBC}") = "CreateTINSurfaceFromCloud", "..\CreateTINSurfaceFromCloud\CreateTINSurfaceFromCloud\CreateTINSurfaceFromCloud.csproj", "{6E83C5F1-22CC-4C71-BAF8-6D113347D318}"
EndProject
Project("{FAE04EC0-301F-11D3-BF4B-00C04F79EFBC}") = "C3DSurfaces", "..\PGA.Surfaces\NET\C3DSurfaces.csproj", "{A9AE2226-3FB4-41E1-AAC7-42A250802636}"
EndProject
Project("{FAE04EC0-301F-11D3-BF4B-00C04F79EFBC}") = "PGA.SimplifyPolylines", "..\PGA.SimplifyPolylines\PGA.SimplifyPolylines\PGA.SimplifyPolylines.csproj", "{29D8819A-147C-45BC-9CAE-2D93948B9F10}"
EndProject
Project("{FAE04EC0-301F-11D3-BF4B-00C04F79EFBC}") = "PGA.OffsetPolylines", "..\PGA.OffsetPolylines\PGA.OffsetPolylines\PGA.OffsetPolylines.csproj", "{1C56F665-F951-49AC-A34F-33CF33A0CBED}"
EndProject
Project("{FAE04EC0-301F-11D3-BF4B-00C04F79EFBC}") = "PGA.SurfaceManager", "..\PGA.SurfaceManager\PGA.SurfaceManager\PGA.SurfaceManager.csproj", "{A3541071-E2F4-45AE-B3FD-FCF408A9107C}"
EndProject
Project("{FAE04EC0-301F-11D3-BF4B-00C04F79EFBC}") = "BBC.Common.AutoCAD", "..\PGA-Tour-Civil-App\PGA-Tour-Civil-App\PGA.Common.AutoCAD\BBC.Common.AutoCAD\BBC.Common.AutoCAD.csproj", "{94CE62E5-86C3-4FC9-AE04-14813E316925}"
EndProject
Project("{FAE04EC0-301F-11D3-BF4B-00C04F79EFBC}") = "PGA.FeaturelineManager", "..\PGA.FeaturelineManager\PGA.FeaturelineManager\PGA.FeaturelineManager.csproj", "{69F2597C-35FE-462C-8680-6570BFA6BF20}"
EndProject
Project("{FAE04EC0-301F-11D3-BF4B-00C04F79EFBC}") = "BBC.Common.Framework", "..\PGA-Tour-Civil-App\PGA-Tour-Civil-App\PGA.Common.AutoCAD\BBC.Common.Framework\BBC.Common.Framework.csproj", "{5D20161E-212F-486C-9676-C577A8CF4BF5}"
EndProject
Global
	GlobalSection(SolutionConfigurationPlatforms) = preSolution
		Debug|Any CPU = Debug|Any CPU
		Debug|x64 = Debug|x64
		Release|Any CPU = Release|Any CPU
		Release|x64 = Release|x64
	EndGlobalSection
	GlobalSection(ProjectConfigurationPlatforms) = postSolution
		{8562E7F6-AF08-4B6B-AC35-93F768831FA7}.Debug|Any CPU.ActiveCfg = Debug|Any CPU
		{8562E7F6-AF08-4B6B-AC35-93F768831FA7}.Debug|Any CPU.Build.0 = Debug|Any CPU
		{8562E7F6-AF08-4B6B-AC35-93F768831FA7}.Debug|x64.ActiveCfg = Debug|x64
		{8562E7F6-AF08-4B6B-AC35-93F768831FA7}.Debug|x64.Build.0 = Debug|x64
		{8562E7F6-AF08-4B6B-AC35-93F768831FA7}.Release|Any CPU.ActiveCfg = Release|Any CPU
		{8562E7F6-AF08-4B6B-AC35-93F768831FA7}.Release|Any CPU.Build.0 = Release|Any CPU
		{8562E7F6-AF08-4B6B-AC35-93F768831FA7}.Release|x64.ActiveCfg = Release|Any CPU
		{8562E7F6-AF08-4B6B-AC35-93F768831FA7}.Release|x64.Build.0 = Release|Any CPU
		{55A6727A-77A2-43BD-BD1D-51B27DB7AB79}.Debug|Any CPU.ActiveCfg = Debug|Any CPU
		{55A6727A-77A2-43BD-BD1D-51B27DB7AB79}.Debug|Any CPU.Build.0 = Debug|Any CPU
		{55A6727A-77A2-43BD-BD1D-51B27DB7AB79}.Debug|x64.ActiveCfg = Debug|x64
		{55A6727A-77A2-43BD-BD1D-51B27DB7AB79}.Debug|x64.Build.0 = Debug|x64
		{55A6727A-77A2-43BD-BD1D-51B27DB7AB79}.Release|Any CPU.ActiveCfg = Release|Any CPU
		{55A6727A-77A2-43BD-BD1D-51B27DB7AB79}.Release|Any CPU.Build.0 = Release|Any CPU
		{55A6727A-77A2-43BD-BD1D-51B27DB7AB79}.Release|x64.ActiveCfg = Release|Any CPU
		{55A6727A-77A2-43BD-BD1D-51B27DB7AB79}.Release|x64.Build.0 = Release|Any CPU
		{5E0EEC36-50D3-4512-939D-D3E8C353310B}.Debug|Any CPU.ActiveCfg = Debug|Any CPU
		{5E0EEC36-50D3-4512-939D-D3E8C353310B}.Debug|Any CPU.Build.0 = Debug|Any CPU
		{5E0EEC36-50D3-4512-939D-D3E8C353310B}.Debug|x64.ActiveCfg = Debug|x64
		{5E0EEC36-50D3-4512-939D-D3E8C353310B}.Debug|x64.Build.0 = Debug|x64
		{5E0EEC36-50D3-4512-939D-D3E8C353310B}.Release|Any CPU.ActiveCfg = Release|Any CPU
		{5E0EEC36-50D3-4512-939D-D3E8C353310B}.Release|Any CPU.Build.0 = Release|Any CPU
		{5E0EEC36-50D3-4512-939D-D3E8C353310B}.Release|x64.ActiveCfg = Release|x64
		{5E0EEC36-50D3-4512-939D-D3E8C353310B}.Release|x64.Build.0 = Release|x64
		{5FBC9423-49A9-420F-8026-C4205C4731E0}.Debug|Any CPU.ActiveCfg = Debug|Any CPU
		{5FBC9423-49A9-420F-8026-C4205C4731E0}.Debug|Any CPU.Build.0 = Debug|Any CPU
		{5FBC9423-49A9-420F-8026-C4205C4731E0}.Debug|x64.ActiveCfg = Debug|x64
		{5FBC9423-49A9-420F-8026-C4205C4731E0}.Debug|x64.Build.0 = Debug|x64
		{5FBC9423-49A9-420F-8026-C4205C4731E0}.Release|Any CPU.ActiveCfg = Release|Any CPU
		{5FBC9423-49A9-420F-8026-C4205C4731E0}.Release|Any CPU.Build.0 = Release|Any CPU
		{5FBC9423-49A9-420F-8026-C4205C4731E0}.Release|x64.ActiveCfg = Release|Any CPU
		{5FBC9423-49A9-420F-8026-C4205C4731E0}.Release|x64.Build.0 = Release|Any CPU
		{506D9E8A-E07C-4DE7-B57A-18F9AB2B7735}.Debug|Any CPU.ActiveCfg = Debug|Any CPU
		{506D9E8A-E07C-4DE7-B57A-18F9AB2B7735}.Debug|Any CPU.Build.0 = Debug|Any CPU
		{506D9E8A-E07C-4DE7-B57A-18F9AB2B7735}.Debug|x64.ActiveCfg = Debug|x64
		{506D9E8A-E07C-4DE7-B57A-18F9AB2B7735}.Debug|x64.Build.0 = Debug|x64
		{506D9E8A-E07C-4DE7-B57A-18F9AB2B7735}.Release|Any CPU.ActiveCfg = Release|Any CPU
		{506D9E8A-E07C-4DE7-B57A-18F9AB2B7735}.Release|Any CPU.Build.0 = Release|Any CPU
		{506D9E8A-E07C-4DE7-B57A-18F9AB2B7735}.Release|x64.ActiveCfg = Release|Any CPU
		{506D9E8A-E07C-4DE7-B57A-18F9AB2B7735}.Release|x64.Build.0 = Release|Any CPU
		{6E83C5F1-22CC-4C71-BAF8-6D113347D318}.Debug|Any CPU.ActiveCfg = Debug|Any CPU
		{6E83C5F1-22CC-4C71-BAF8-6D113347D318}.Debug|Any CPU.Build.0 = Debug|Any CPU
		{6E83C5F1-22CC-4C71-BAF8-6D113347D318}.Debug|x64.ActiveCfg = Debug|x64
		{6E83C5F1-22CC-4C71-BAF8-6D113347D318}.Debug|x64.Build.0 = Debug|x64
		{6E83C5F1-22CC-4C71-BAF8-6D113347D318}.Release|Any CPU.ActiveCfg = Release|Any CPU
		{6E83C5F1-22CC-4C71-BAF8-6D113347D318}.Release|Any CPU.Build.0 = Release|Any CPU
		{6E83C5F1-22CC-4C71-BAF8-6D113347D318}.Release|x64.ActiveCfg = Release|Any CPU
		{6E83C5F1-22CC-4C71-BAF8-6D113347D318}.Release|x64.Build.0 = Release|Any CPU
		{A9AE2226-3FB4-41E1-AAC7-42A250802636}.Debug|Any CPU.ActiveCfg = Debug|Any CPU
		{A9AE2226-3FB4-41E1-AAC7-42A250802636}.Debug|Any CPU.Build.0 = Debug|Any CPU
		{A9AE2226-3FB4-41E1-AAC7-42A250802636}.Debug|x64.ActiveCfg = Debug|x64
		{A9AE2226-3FB4-41E1-AAC7-42A250802636}.Debug|x64.Build.0 = Debug|x64
		{A9AE2226-3FB4-41E1-AAC7-42A250802636}.Release|Any CPU.ActiveCfg = Release|Any CPU
		{A9AE2226-3FB4-41E1-AAC7-42A250802636}.Release|Any CPU.Build.0 = Release|Any CPU
		{A9AE2226-3FB4-41E1-AAC7-42A250802636}.Release|x64.ActiveCfg = Release|x64
		{A9AE2226-3FB4-41E1-AAC7-42A250802636}.Release|x64.Build.0 = Release|x64
		{29D8819A-147C-45BC-9CAE-2D93948B9F10}.Debug|Any CPU.ActiveCfg = Debug|Any CPU
		{29D8819A-147C-45BC-9CAE-2D93948B9F10}.Debug|Any CPU.Build.0 = Debug|Any CPU
		{29D8819A-147C-45BC-9CAE-2D93948B9F10}.Debug|x64.ActiveCfg = Debug|x64
		{29D8819A-147C-45BC-9CAE-2D93948B9F10}.Debug|x64.Build.0 = Debug|x64
		{29D8819A-147C-45BC-9CAE-2D93948B9F10}.Release|Any CPU.ActiveCfg = Release|Any CPU
		{29D8819A-147C-45BC-9CAE-2D93948B9F10}.Release|Any CPU.Build.0 = Release|Any CPU
		{29D8819A-147C-45BC-9CAE-2D93948B9F10}.Release|x64.ActiveCfg = Release|Any CPU
		{29D8819A-147C-45BC-9CAE-2D93948B9F10}.Release|x64.Build.0 = Release|Any CPU
		{1C56F665-F951-49AC-A34F-33CF33A0CBED}.Debug|Any CPU.ActiveCfg = Debug|Any CPU
		{1C56F665-F951-49AC-A34F-33CF33A0CBED}.Debug|Any CPU.Build.0 = Debug|Any CPU
		{1C56F665-F951-49AC-A34F-33CF33A0CBED}.Debug|x64.ActiveCfg = Debug|x64
		{1C56F665-F951-49AC-A34F-33CF33A0CBED}.Debug|x64.Build.0 = Debug|x64
		{1C56F665-F951-49AC-A34F-33CF33A0CBED}.Release|Any CPU.ActiveCfg = Release|Any CPU
		{1C56F665-F951-49AC-A34F-33CF33A0CBED}.Release|Any CPU.Build.0 = Release|Any CPU
		{1C56F665-F951-49AC-A34F-33CF33A0CBED}.Release|x64.ActiveCfg = Release|x64
		{1C56F665-F951-49AC-A34F-33CF33A0CBED}.Release|x64.Build.0 = Release|x64
		{A3541071-E2F4-45AE-B3FD-FCF408A9107C}.Debug|Any CPU.ActiveCfg = Debug|Any CPU
		{A3541071-E2F4-45AE-B3FD-FCF408A9107C}.Debug|Any CPU.Build.0 = Debug|Any CPU
		{A3541071-E2F4-45AE-B3FD-FCF408A9107C}.Debug|x64.ActiveCfg = Debug|x64
		{A3541071-E2F4-45AE-B3FD-FCF408A9107C}.Debug|x64.Build.0 = Debug|x64
		{A3541071-E2F4-45AE-B3FD-FCF408A9107C}.Release|Any CPU.ActiveCfg = Release|Any CPU
		{A3541071-E2F4-45AE-B3FD-FCF408A9107C}.Release|Any CPU.Build.0 = Release|Any CPU
		{A3541071-E2F4-45AE-B3FD-FCF408A9107C}.Release|x64.ActiveCfg = Release|x64
		{A3541071-E2F4-45AE-B3FD-FCF408A9107C}.Release|x64.Build.0 = Release|x64
		{94CE62E5-86C3-4FC9-AE04-14813E316925}.Debug|Any CPU.ActiveCfg = Debug|Any CPU
		{94CE62E5-86C3-4FC9-AE04-14813E316925}.Debug|Any CPU.Build.0 = Debug|Any CPU
		{94CE62E5-86C3-4FC9-AE04-14813E316925}.Debug|x64.ActiveCfg = Debug|x64
		{94CE62E5-86C3-4FC9-AE04-14813E316925}.Debug|x64.Build.0 = Debug|x64
		{94CE62E5-86C3-4FC9-AE04-14813E316925}.Release|Any CPU.ActiveCfg = Release|Any CPU
		{94CE62E5-86C3-4FC9-AE04-14813E316925}.Release|Any CPU.Build.0 = Release|Any CPU
		{94CE62E5-86C3-4FC9-AE04-14813E316925}.Release|x64.ActiveCfg = Release|x64
		{94CE62E5-86C3-4FC9-AE04-14813E316925}.Release|x64.Build.0 = Release|x64
		{69F2597C-35FE-462C-8680-6570BFA6BF20}.Debug|Any CPU.ActiveCfg = Debug|Any CPU
		{69F2597C-35FE-462C-8680-6570BFA6BF20}.Debug|Any CPU.Build.0 = Debug|Any CPU
		{69F2597C-35FE-462C-8680-6570BFA6BF20}.Debug|x64.ActiveCfg = Debug|x64
		{69F2597C-35FE-462C-8680-6570BFA6BF20}.Debug|x64.Build.0 = Debug|x64
		{69F2597C-35FE-462C-8680-6570BFA6BF20}.Release|Any CPU.ActiveCfg = Release|Any CPU
		{69F2597C-35FE-462C-8680-6570BFA6BF20}.Release|Any CPU.Build.0 = Release|Any CPU
		{69F2597C-35FE-462C-8680-6570BFA6BF20}.Release|x64.ActiveCfg = Release|x64
		{69F2597C-35FE-462C-8680-6570BFA6BF20}.Release|x64.Build.0 = Release|x64
		{5D20161E-212F-486C-9676-C577A8CF4BF5}.Debug|Any CPU.ActiveCfg = Debug|Any CPU
		{5D20161E-212F-486C-9676-C577A8CF4BF5}.Debug|Any CPU.Build.0 = Debug|Any CPU
		{5D20161E-212F-486C-9676-C577A8CF4BF5}.Debug|x64.ActiveCfg = Debug|x64
		{5D20161E-212F-486C-9676-C577A8CF4BF5}.Debug|x64.Build.0 = Debug|x64
		{5D20161E-212F-486C-9676-C577A8CF4BF5}.Release|Any CPU.ActiveCfg = Release|Any CPU
		{5D20161E-212F-486C-9676-C577A8CF4BF5}.Release|Any CPU.Build.0 = Release|Any CPU
		{5D20161E-212F-486C-9676-C577A8CF4BF5}.Release|x64.ActiveCfg = Release|x64
		{5D20161E-212F-486C-9676-C577A8CF4BF5}.Release|x64.Build.0 = Release|x64
	EndGlobalSection
	GlobalSection(SolutionProperties) = preSolution
		HideSolutionNode = FALSE
	EndGlobalSection
EndGlobal
